
Microsoft Visual Studio Solution File, Format Version 12.00
# Visual Studio 15
VisualStudioVersion = 15.0.28307.168
MinimumVisualStudioVersion = 10.0.40219.1
Project("{8BC9CEB8-8B4A-11D0-8D11-00A0C91BC942}") = "Server", "Server\Server.vcxproj", "{115D1826-E02B-4BCA-BB8D-A3B965E5BB52}"
EndProject
Global
	GlobalSection(SolutionConfigurationPlatforms) = preSolution
		Debug|x64 = Debug|x64
		Debug|x86 = Debug|x86
		Release|x64 = Release|x64
		Release|x86 = Release|x86
	EndGlobalSection
	GlobalSection(ProjectConfigurationPlatforms) = postSolution
		{115D1826-E02B-4BCA-BB8D-A3B965E5BB52}.Debug|x64.ActiveCfg = Debug|x64
		{115D1826-E02B-4BCA-BB8D-A3B965E5BB52}.Debug|x64.Build.0 = Debug|x64
		{115D1826-E02B-4BCA-BB8D-A3B965E5BB52}.Debug|x86.ActiveCfg = Debug|Win32
		{115D1826-E02B-4BCA-BB8D-A3B965E5BB52}.Debug|x86.Build.0 = Debug|Win32
		{115D1826-E02B-4BCA-BB8D-A3B965E5BB52}.Release|x64.ActiveCfg = Release|x64
		{115D1826-E02B-4BCA-BB8D-A3B965E5BB52}.Release|x64.Build.0 = Release|x64
		{115D1826-E02B-4BCA-BB8D-A3B965E5BB52}.Release|x86.ActiveCfg = Release|Win32
		{115D1826-E02B-4BCA-BB8D-A3B965E5BB52}.Release|x86.Build.0 = Release|Win32
	EndGlobalSection
	GlobalSection(SolutionProperties) = preSolution
		HideSolutionNode = FALSE
	EndGlobalSection
	GlobalSection(ExtensibilityGlobals) = postSolution
		SolutionGuid = {E9FA6092-018F-4B07-B2FD-F0F72ADA68EA}
	EndGlobalSection
EndGlobal
